{
  "name": "callwalkietalkie",
  "version": "0.9.0",
  "lockfileVersion": 3,
  "requires": true,
  "packages": {
    "": {
      "name": "callwalkietalkie",
      "version": "0.9.0",
      "license": "MIT",
      "bin": {
        "callwalkietalkie": "bin/callwalkietalkie.js",
        "longleash": "bin/callwalkietalkie.js"
      },
      "engines": {
        "node": ">=18"
      },
      "os": [
        "darwin"
      ]
    }
  }
}
